// !$*UTF8*$!
{
	archiveVersion = 1;
	classes = {
	};
	objectVersion = 50;
	objects = {

/* Begin PBXBuildFile section */
		52E65D282227913400F37AFD /* AppDelegate.swift in Sources */ = {isa = PBXBuildFile; fileRef = 52E65D272227913400F37AFD /* AppDelegate.swift */; };
		52E65D2A2227913400F37AFD /* ViewController.swift in Sources */ = {isa = PBXBuildFile; fileRef = 52E65D292227913400F37AFD /* ViewController.swift */; };
		52E65D2D2227913400F37AFD /* Main.storyboard in Resources */ = {isa = PBXBuildFile; fileRef = 52E65D2B2227913400F37AFD /* Main.storyboard */; };
		52E65D2F2227913400F37AFD /* Assets.xcassets in Resources */ = {isa = PBXBuildFile; fileRef = 52E65D2E2227913400F37AFD /* Assets.xcassets */; };
		52E65D322227913400F37AFD /* LaunchScreen.storyboard in Resources */ = {isa = PBXBuildFile; fileRef = 52E65D302227913400F37AFD /* LaunchScreen.storyboard */; };
		52FC875D2227EB1B00A4D479 /* README.md in Resources */ = {isa = PBXBuildFile; fileRef = 52FC875C2227EB1B00A4D479 /* README.md */; };
		52FC87622227F44500A4D479 /* screenshot.png in Resources */ = {isa = PBXBuildFile; fileRef = 52FC87612227F44500A4D479 /* screenshot.png */; };
/* End PBXBuildFile section */

/* Begin PBXFileReference section */
		52E65D242227913400F37AFD /* Pixel Flower.app */ = {isa = PBXFileReference; explicitFileType = wrapper.application; includeInIndex = 0; path = "Pixel Flower.app"; sourceTree = BUILT_PRODUCTS_DIR; };
		52E65D272227913400F37AFD /* AppDelegate.swift */ = {isa = PBXFileReference; lastKnownFileType = sourcecode.swift; path = AppDelegate.swift; sourceTree = "<group>"; };
		52E65D292227913400F37AFD /* ViewController.swift */ = {isa = PBXFileReference; lastKnownFileType = sourcecode.swift; path = ViewController.swift; sourceTree = "<group>"; };
		52E65D2C2227913400F37AFD /* Base */ = {isa = PBXFileReference; lastKnownFileType = file.storyboard; name = Base; path = Base.lproj/Main.storyboard; sourceTree = "<group>"; };
		52E65D2E2227913400F37AFD /* Assets.xcassets */ = {isa = PBXFileReference; lastKnownFileType = folder.assetcatalog; path = Assets.xcassets; sourceTree = "<group>"; };
		52E65D312227913400F37AFD /* Base */ = {isa = PBXFileReference; lastKnownFileType = file.storyboard; name = Base; path = Base.lproj/LaunchScreen.storyboard; sourceTree = "<group>"; };
		52E65D332227913400F37AFD /* Info.plist */ = {isa = PBXFileReference; lastKnownFileType = text.plist.xml; path = Info.plist; sourceTree = "<group>"; };
		52FC875C2227EB1B00A4D479 /* README.md */ = {isa = PBXFileReference; lastKnownFileType = net.daringfireball.markdown; path = README.md; sourceTree = "<group>"; };
		52FC87612227F44500A4D479 /* screenshot.png */ = {isa = PBXFileReference; lastKnownFileType = image.png; path = screenshot.png; sourceTree = "<group>"; };
/* End PBXFileReference section */

/* Begin PBXFrameworksBuildPhase section */
		52E65D212227913400F37AFD /* Frameworks */ = {
			isa = PBXFrameworksBuildPhase;
			buildActionMask = 2147483647;
			files = (
			);
			runOnlyForDeploymentPostprocessing = 0;
		};
/* End PBXFrameworksBuildPhase section */

/* Begin PBXGroup section */
		52E65D1B2227913400F37AFD = {
			isa = PBXGroup;
			children = (
				52FC875C2227EB1B00A4D479 /* README.md */,
				52FC875E2227F1C900A4D479 /* README_resource */,
				52E65D262227913400F37AFD /* Pixel Flower */,
				52E65D252227913400F37AFD /* Products */,
			);
			sourceTree = "<group>";
		};
		52E65D252227913400F37AFD /* Products */ = {
			isa = PBXGroup;
			children = (
				52E65D242227913400F37AFD /* Pixel Flower.app */,
			);
			name = Products;
			sourceTree = "<group>";
		};
		52E65D262227913400F37AFD /* Pixel Flower */ = {
			isa = PBXGroup;
			children = (
				52E65D272227913400F37AFD /* AppDelegate.swift */,
				52E65D292227913400F37AFD /* ViewController.swift */,
				52E65D2B2227913400F37AFD /* Main.storyboard */,
				52E65D2E2227913400F37AFD /* Assets.xcassets */,
				52E65D302227913400F37AFD /* LaunchScreen.storyboard */,
				52E65D332227913400F37AFD /* Info.plist */,
			);
			path = "Pixel Flower";
			sourceTree = "<group>";
		};
		52FC875E2227F1C900A4D479 /* README_resource */ = {
			isa = PBXGroup;
			children = (
				52FC87612227F44500A4D479 /* screenshot.png */,
			);
			path = README_resource;
			sourceTree = "<group>";
		};
/* End PBXGroup section */

/* Begin PBXNativeTarget section */
		52E65D232227913400F37AFD /* Pixel Flower */ = {
			isa = PBXNativeTarget;
			buildConfigurationList = 52E65D362227913400F37AFD /* Build configuration list for PBXNativeTarget "Pixel Flower" */;
			buildPhases = (
				52E65D202227913400F37AFD /* Sources */,
				52E65D212227913400F37AFD /* Frameworks */,
				52E65D222227913400F37AFD /* Resources */,
			);
			buildRules = (
			);
			dependencies = (
			);
			name = "Pixel Flower";
			productName = "Pixel Flower";
			productReference = 52E65D242227913400F37AFD /* Pixel Flower.app */;
			productType = "com.apple.product-type.application";
		};
/* End PBXNativeTarget section */

/* Begin PBXProject section */
		52E65D1C2227913400F37AFD /* Project object */ = {
			isa = PBXProject;
			attributes = {
				LastSwiftUpdateCheck = 1010;
				LastUpgradeCheck = 1010;
				ORGANIZATIONNAME = "劉玟慶";
				TargetAttributes = {
					52E65D232227913400F37AFD = {
						CreatedOnToolsVersion = 10.1;
					};
				};
			};
			buildConfigurationList = 52E65D1F2227913400F37AFD /* Build configuration list for PBXProject "Pixel Flower" */;
			compatibilityVersion = "Xcode 9.3";
			developmentRegion = en;
			hasScannedForEncodings = 0;
			knownRegions = (
				en,
				Base,
			);
			mainGroup = 52E65D1B2227913400F37AFD;
			productRefGroup = 52E65D252227913400F37AFD /* Products */;
			projectDirPath = "";
			projectRoot = "";
			targets = (
				52E65D232227913400F37AFD /* Pixel Flower */,
			);
		};
/* End PBXProject section */

/* Begin PBXResourcesBuildPhase section */
		52E65D222227913400F37AFD /* Resources */ = {
			isa = PBXResourcesBuildPhase;
			buildActionMask = 2147483647;
			files = (
				52E65D322227913400F37AFD /* LaunchScreen.storyboard in Resources */,
				52E65D2F2227913400F37AFD /* Assets.xcassets in Resources */,
				52FC875D2227EB1B00A4D479 /* README.md in Resources */,
				52E65D2D2227913400F37AFD /* Main.storyboard in Resources */,
				52FC87622227F44500A4D479 /* screenshot.png in Resources */,
			);
			runOnlyForDeploymentPostprocessing = 0;
		};
/* End PBXResourcesBuildPhase section */

/* Begin PBXSourcesBuildPhase section */
		52E65D202227913400F37AFD /* Sources */ = {
			isa = PBXSourcesBuildPhase;
			buildActionMask = 2147483647;
			files = (
				52E65D2A2227913400F37AFD /* ViewController.swift in Sources */,
				52E65D282227913400F37AFD /* AppDelegate.swift in Sources */,
			);
			runOnlyForDeploymentPostprocessing = 0;
		};
/* End PBXSourcesBuildPhase section */

/* Begin PBXVariantGroup section */
		52E65D2B2227913400F37AFD /* Main.storyboard */ = {
			isa = PBXVariantGroup;
			children = (
				52E65D2C2227913400F37AFD /* Base */,
			);
			name = Main.storyboard;
			sourceTree = "<group>";
		};
		52E65D302227913400F37AFD /* LaunchScreen.storyboard */ = {
			isa = PBXVariantGroup;
			children = (
				52E65D312227913400F37AFD /* Base */,
			);
			name = LaunchScreen.storyboard;
			sourceTree = "<group>";
		};
/* End PBXVariantGroup section */

/* Begin XCBuildConfiguration section */
		52E65D342227913400F37AFD /* Debug */ = {
			isa = XCBuildConfiguration;
			buildSettings = {
				ALWAYS_SEARCH_USER_PATHS = NO;
				CLANG_ANALYZER_NONNULL = YES;
				CLANG_ANALYZER_NUMBER_OBJECT_CONVERSION = YES_AGGRESSIVE;
				CLANG_CXX_LANGUAGE_STANDARD = "gnu++14";
				CLANG_CXX_LIBRARY = "libc++";
				CLANG_ENABLE_MODULES = YES;
				CLANG_ENABLE_OBJC_ARC = YES;
				CLANG_ENABLE_OBJC_WEAK = YES;
				CLANG_WARN_BLOCK_CAPTURE_AUTORELEASING = YES;
				CLANG_WARN_BOOL_CONVERSION = YES;
				CLANG_WARN_COMMA = YES;
				CLANG_WARN_CONSTANT_CONVERSION = YES;
				CLANG_WARN_DEPRECATED_OBJC_IMPLEMENTATIONS = YES;
				CLANG_WARN_DIRECT_OBJC_ISA_USAGE = YES_ERROR;
				CLANG_WARN_DOCUMENTATION_COMMENTS = YES;
				CLANG_WARN_EMPTY_BODY = YES;
				CLANG_WARN_ENUM_CONVERSION = YES;
				CLANG_WARN_INFINITE_RECURSION = YES;
				CLANG_WARN_INT_CONVERSION = YES;
				CLANG_WARN_NON_LITERAL_NULL_CONVERSION = YES;
				CLANG_WARN_OBJC_IMPLICIT_RETAIN_SELF = YES;
				CLANG_WARN_OBJC_LITERAL_CONVERSION = YES;
				CLANG_WARN_OBJC_ROOT_CLASS = YES_ERROR;
				CLANG_WARN_RANGE_LOOP_ANALYSIS = YES;
				CLANG_WARN_STRICT_PROTOTYPES = YES;
				CLANG_WARN_SUSPICIOUS_MOVE = YES;
				CLANG_WARN_UNGUARDED_AVAILABILITY = YES_AGGRESSIVE;
				CLANG_WARN_UNREACHABLE_CODE = YES;
				CLANG_WARN__DUPLICATE_METHOD_MATCH = YES;
				CODE_SIGN_IDENTITY = "iPhone Developer";
				COPY_PHASE_STRIP = NO;
				DEBUG_INFORMATION_FORMAT = dwarf;
				ENABLE_STRICT_OBJC_MSGSEND = YES;
				ENABLE_TESTABILITY = YES;
				GCC_C_LANGUAGE_STANDARD = gnu11;
				GCC_DYNAMIC_NO_PIC = NO;
				GCC_NO_COMMON_BLOCKS = YES;
				GCC_OPTIMIZATION_LEVEL = 0;
				GCC_PREPROCESSOR_DEFINITIONS = (
					"DEBUG=1",
					"$(inherited)",
				);
				GCC_WARN_64_TO_32_BIT_CONVERSION = YES;
				GCC_WARN_ABOUT_RETURN_TYPE = YES_ERROR;
				GCC_WARN_UNDECLARED_SELECTOR = YES;
				GCC_WARN_UNINITIALIZED_AUTOS = YES_AGGRESSIVE;
				GCC_WARN_UNUSED_FUNCTION = YES;
				GCC_WARN_UNUSED_VARIABLE = YES;
				IPHONEOS_DEPLOYMENT_TARGET = 12.1;
				MTL_ENABLE_DEBUG_INFO = INCLUDE_SOURCE;
				MTL_FAST_MATH = YES;
				ONLY_ACTIVE_ARCH = YES;
				SDKROOT = iphoneos;
				SWIFT_ACTIVE_COMPILATION_CONDITIONS = DEBUG;
				SWIFT_OPTIMIZATION_LEVEL = "-Onone";
			};
			name = Debug;
		};
		52E65D352227913400F37AFD /* Release */ = {
			isa = XCBuildConfiguration;
			buildSettings = {
				ALWAYS_SEARCH_USER_PATHS = NO;
				CLANG_ANALYZER_NONNULL = YES;
				CLANG_ANALYZER_NUMBER_OBJECT_CONVERSION = YES_AGGRESSIVE;
				CLANG_CXX_LANGUAGE_STANDARD = "gnu++14";
				CLANG_CXX_LIBRARY = "libc++";
				CLANG_ENABLE_MODULES = YES;
				CLANG_ENABLE_OBJC_ARC = YES;
				CLANG_ENABLE_OBJC_WEAK = YES;
				CLANG_WARN_BLOCK_CAPTURE_AUTORELEASING = YES;
				CLANG_WARN_BOOL_CONVERSION = YES;
				CLANG_WARN_COMMA = YES;
				CLANG_WARN_CONSTANT_CONVERSION = YES;
				CLANG_WARN_DEPRECATED_OBJC_IMPLEMENTATIONS = YES;
				CLANG_WARN_DIRECT_OBJC_ISA_USAGE = YES_ERROR;
				CLANG_WARN_DOCUMENTATION_COMMENTS = YES;
				CLANG_WARN_EMPTY_BODY = YES;
				CLANG_WARN_ENUM_CONVERSION = YES;
				CLANG_WARN_INFINITE_RECURSION = YES;
				CLANG_WARN_INT_CONVERSION = YES;
				CLANG_WARN_NON_LITERAL_NULL_CONVERSION = YES;
				CLANG_WARN_OBJC_IMPLICIT_RETAIN_SELF = YES;
				CLANG_WARN_OBJC_LITERAL_CONVERSION = YES;
				CLANG_WARN_OBJC_ROOT_CLASS = YES_ERROR;
				CLANG_WARN_RANGE_LOOP_ANALYSIS = YES;
				CLANG_WARN_STRICT_PROTOTYPES = YES;
				CLANG_WARN_SUSPICIOUS_MOVE = YES;
				CLANG_WARN_UNGUARDED_AVAILABILITY = YES_AGGRESSIVE;
				CLANG_WARN_UNREACHABLE_CODE = YES;
				CLANG_WARN__DUPLICATE_METHOD_MATCH = YES;
				CODE_SIGN_IDENTITY = "iPhone Developer";
				COPY_PHASE_STRIP = NO;
				DEBUG_INFORMATION_FORMAT = "dwarf-with-dsym";
				ENABLE_NS_ASSERTIONS = NO;
				ENABLE_STRICT_OBJC_MSGSEND = YES;
				GCC_C_LANGUAGE_STANDARD = gnu11;
				GCC_NO_COMMON_BLOCKS = YES;
				GCC_WARN_64_TO_32_BIT_CONVERSION = YES;
				GCC_WARN_ABOUT_RETURN_TYPE = YES_ERROR;
				GCC_WARN_UNDECLARED_SELECTOR = YES;
				GCC_WARN_UNINITIALIZED_AUTOS = YES_AGGRESSIVE;
				GCC_WARN_UNUSED_FUNCTION = YES;
				GCC_WARN_UNUSED_VARIABLE = YES;
				IPHONEOS_DEPLOYMENT_TARGET = 12.1;
				MTL_ENABLE_DEBUG_INFO = NO;
				MTL_FAST_MATH = YES;
				SDKROOT = iphoneos;
				SWIFT_COMPILATION_MODE = wholemodule;
				SWIFT_OPTIMIZATION_LEVEL = "-O";
				VALIDATE_PRODUCT = YES;
			};
			name = Release;
		};
		52E65D372227913400F37AFD /* Debug */ = {
			isa = XCBuildConfiguration;
			buildSettings = {
				ASSETCATALOG_COMPILER_APPICON_NAME = AppIcon;
				CODE_SIGN_STYLE = Automatic;
				INFOPLIST_FILE = "Pixel Flower/Info.plist";
				LD_RUNPATH_SEARCH_PATHS = (
					"$(inherited)",
					"@executable_path/Frameworks",
				);
				PRODUCT_BUNDLE_IDENTIFIER = "Venson.Pixel-Flower";
				PRODUCT_NAME = "$(TARGET_NAME)";
				SWIFT_VERSION = 4.2;
				TARGETED_DEVICE_FAMILY = "1,2";
			};
			name = Debug;
		};
		52E65D382227913400F37AFD /* Release */ = {
			isa = XCBuildConfiguration;
			buildSettings = {
				ASSETCATALOG_COMPILER_APPICON_NAME = AppIcon;
				CODE_SIGN_STYLE = Automatic;
				INFOPLIST_FILE = "Pixel Flower/Info.plist";
				LD_RUNPATH_SEARCH_PATHS = (
					"$(inherited)",
					"@executable_path/Frameworks",
				);
				PRODUCT_BUNDLE_IDENTIFIER = "Venson.Pixel-Flower";
				PRODUCT_NAME = "$(TARGET_NAME)";
				SWIFT_VERSION = 4.2;
				TARGETED_DEVICE_FAMILY = "1,2";
			};
			name = Release;
		};
/* End XCBuildConfiguration section */

/* Begin XCConfigurationList section */
		52E65D1F2227913400F37AFD /* Build configuration list for PBXProject "Pixel Flower" */ = {
			isa = XCConfigurationList;
			buildConfigurations = (
				52E65D342227913400F37AFD /* Debug */,
				52E65D352227913400F37AFD /* Release */,
			);
			defaultConfigurationIsVisible = 0;
			defaultConfigurationName = Release;
		};
		52E65D362227913400F37AFD /* Build configuration list for PBXNativeTarget "Pixel Flower" */ = {
			isa = XCConfigurationList;
			buildConfigurations = (
				52E65D372227913400F37AFD /* Debug */,
				52E65D382227913400F37AFD /* Release */,
			);
			defaultConfigurationIsVisible = 0;
			defaultConfigurationName = Release;
		};
/* End XCConfigurationList section */
	};
	rootObject = 52E65D1C2227913400F37AFD /* Project object */;
}
